annotated-doc==0.0.5
    # via fastapi
annotated-types==0.8.0
    # via pydantic
anyio==4.15.1
    # via starlette
bcrypt==5.0.0
    # via -r app/backend/requirements.txt
click==8.5.0
    # via uvicorn
fastapi==0.141.1
    # via -r app/backend/requirements.txt
h11==0.16.0
    # via uvicorn
httpcore2==2.13.1
    # via httpx2
httpx2==2.13.1
    # via -r app/backend/requirements.txt
idna==3.19
    # via anyio
jinja2==3.1.6
    # via -r app/backend/requirements.txt
markupsafe==3.0.3
    # via jinja2
psycopg==3.3.5
    # via -r app/backend/requirements.txt
psycopg-binary==3.3.5
    # via psycopg
pydantic==2.13.5
    # via fastapi
pydantic-core==2.46.5
    # via pydantic
python-multipart==0.0.32
    # via -r app/backend/requirements.txt
starlette==1.6.0
    # via fastapi
typing-extensions==4.16.0
    # via
    #   anyio
    #   fastapi
    #   psycopg
    #   pydantic
    #   pydantic-core
    #   starlette
    #   typing-inspection
typing-inspection==0.4.4
    # via
    #   fastapi
    #   pydantic
tzdata==2026.4
    # via psycopg
truststore==0.10.4
    # via httpx2
uvicorn==0.53.0
    # via -r app/backend/requirements.txt
